
Microsoft Visual Studio Solution File, Format Version 12.00
# Visual Studio Version 16
VisualStudioVersion = 16.0.29102.190
MinimumVisualStudioVersion = 10.0.40219.1
Project("{FAE04EC0-301F-11D3-BF4B-00C04F79EFBC}") = "appErp", "appErp\appErp.csproj", "{BE96E6DF-FA36-42E2-9730-FCE7ABB09E0D}"
EndProject
Global
	GlobalSection(SolutionConfigurationPlatforms) = preSolution
		Debug|Any CPU = Debug|Any CPU
		Release|Any CPU = Release|Any CPU
	EndGlobalSection
	GlobalSection(ProjectConfigurationPlatforms) = postSolution
		{BE96E6DF-FA36-42E2-9730-FCE7ABB09E0D}.Debug|Any CPU.ActiveCfg = Debug|Any CPU
		{BE96E6DF-FA36-42E2-9730-FCE7ABB09E0D}.Debug|Any CPU.Build.0 = Debug|Any CPU
		{BE96E6DF-FA36-42E2-9730-FCE7ABB09E0D}.Release|Any CPU.ActiveCfg = Release|Any CPU
		{BE96E6DF-FA36-42E2-9730-FCE7ABB09E0D}.Release|Any CPU.Build.0 = Release|Any CPU
	EndGlobalSection
	GlobalSection(SolutionProperties) = preSolution
		HideSolutionNode = FALSE
	EndGlobalSection
	GlobalSection(ExtensibilityGlobals) = postSolution
		SolutionGuid = {4D669504-10BA-4F43-B4A7-075D85C9AB80}
	EndGlobalSection
EndGlobal
